
Microsoft Visual Studio Solution File, Format Version 12.00
# Visual Studio Version 17
VisualStudioVersion = 17.4.33213.308
MinimumVisualStudioVersion = 10.0.40219.1
Project("{FAE04EC0-301F-11D3-BF4B-00C04F79EFBC}") = "Secure.API", "Secure.API\Secure.API.csproj", "{0EF8561A-1EE2-47A0-A50C-3FDBEBA8FE92}"
EndProject
Global
	GlobalSection(SolutionConfigurationPlatforms) = preSolution
		Debug|Any CPU = Debug|Any CPU
		Release|Any CPU = Release|Any CPU
	EndGlobalSection
	GlobalSection(ProjectConfigurationPlatforms) = postSolution
		{0EF8561A-1EE2-47A0-A50C-3FDBEBA8FE92}.Debug|Any CPU.ActiveCfg = Debug|Any CPU
		{0EF8561A-1EE2-47A0-A50C-3FDBEBA8FE92}.Debug|Any CPU.Build.0 = Debug|Any CPU
		{0EF8561A-1EE2-47A0-A50C-3FDBEBA8FE92}.Release|Any CPU.ActiveCfg = Release|Any CPU
		{0EF8561A-1EE2-47A0-A50C-3FDBEBA8FE92}.Release|Any CPU.Build.0 = Release|Any CPU
	EndGlobalSection
	GlobalSection(SolutionProperties) = preSolution
		HideSolutionNode = FALSE
	EndGlobalSection
	GlobalSection(ExtensibilityGlobals) = postSolution
		SolutionGuid = {0280E55E-C393-43FE-A23D-06AED8DA212B}
	EndGlobalSection
EndGlobal
